
Microsoft Visual Studio Solution File, Format Version 12.00
# Visual Studio Version 17
VisualStudioVersion = 17.11.35312.102
MinimumVisualStudioVersion = 10.0.40219.1
Project("{FAE04EC0-301F-11D3-BF4B-00C04F79EFBC}") = "Test_Final_APITesting", "Test_Final_APITesting\Test_Final_APITesting.csproj", "{9F89A20B-740D-4FEA-BBA3-D8E6DA869D18}"
EndProject
Global
	GlobalSection(SolutionConfigurationPlatforms) = preSolution
		Debug|Any CPU = Debug|Any CPU
		Release|Any CPU = Release|Any CPU
	EndGlobalSection
	GlobalSection(ProjectConfigurationPlatforms) = postSolution
		{9F89A20B-740D-4FEA-BBA3-D8E6DA869D18}.Debug|Any CPU.ActiveCfg = Debug|Any CPU
		{9F89A20B-740D-4FEA-BBA3-D8E6DA869D18}.Debug|Any CPU.Build.0 = Debug|Any CPU
		{9F89A20B-740D-4FEA-BBA3-D8E6DA869D18}.Release|Any CPU.ActiveCfg = Release|Any CPU
		{9F89A20B-740D-4FEA-BBA3-D8E6DA869D18}.Release|Any CPU.Build.0 = Release|Any CPU
	EndGlobalSection
	GlobalSection(SolutionProperties) = preSolution
		HideSolutionNode = FALSE
	EndGlobalSection
	GlobalSection(ExtensibilityGlobals) = postSolution
		SolutionGuid = {7453F5E1-5F0F-477F-B82A-620D1CA8F2B5}
	EndGlobalSection
EndGlobal
